
Microsoft Visual Studio Solution File, Format Version 12.00
# Visual Studio Version 17
VisualStudioVersion = 17.4.33122.133
MinimumVisualStudioVersion = 10.0.40219.1
Project("{FAE04EC0-301F-11D3-BF4B-00C04F79EFBC}") = "CleanArchMvc.Domain", "CleanArchMvc.Domain\CleanArchMvc.Domain.csproj", "{3F5B188C-A4D6-449C-9DCA-DF8621055FA5}"
EndProject
Project("{FAE04EC0-301F-11D3-BF4B-00C04F79EFBC}") = "CleanArchMvc.Application", "CleanArchMvc.Application\CleanArchMvc.Application.csproj", "{97E3BE32-3FED-4F1B-AEF1-C555A2F0EB59}"
EndProject
Project("{FAE04EC0-301F-11D3-BF4B-00C04F79EFBC}") = "CleanArchMvc.Infra.Data", "CleanArchMvc.Infra.Data\CleanArchMvc.Infra.Data.csproj", "{FE305196-2FC8-4765-8CA4-45FB1E2DCF03}"
EndProject
Project("{FAE04EC0-301F-11D3-BF4B-00C04F79EFBC}") = "CleanArchMvc.Infra.IoC", "CleanArchMvc.Infra.IoC\CleanArchMvc.Infra.IoC.csproj", "{F964CE0B-DA6D-43C9-9BA8-ED15ED11C30B}"
EndProject
Project("{FAE04EC0-301F-11D3-BF4B-00C04F79EFBC}") = "CleanArchMvc.WebUI", "CleanArchMvc.WebUI\CleanArchMvc.WebUI.csproj", "{02D6A0F3-6C69-4390-B53D-E89DDAAFB212}"
EndProject
Project("{FAE04EC0-301F-11D3-BF4B-00C04F79EFBC}") = "CleanArchMvc.Domain.Tests", "..\tests\CleanArchMvc.Domain.Tests\CleanArchMvc.Domain.Tests.csproj", "{E4C66C56-1589-465D-A942-A56BAD139273}"
EndProject
Global
	GlobalSection(SolutionConfigurationPlatforms) = preSolution
		Debug|Any CPU = Debug|Any CPU
		Release|Any CPU = Release|Any CPU
	EndGlobalSection
	GlobalSection(ProjectConfigurationPlatforms) = postSolution
		{3F5B188C-A4D6-449C-9DCA-DF8621055FA5}.Debug|Any CPU.ActiveCfg = Debug|Any CPU
		{3F5B188C-A4D6-449C-9DCA-DF8621055FA5}.Debug|Any CPU.Build.0 = Debug|Any CPU
		{3F5B188C-A4D6-449C-9DCA-DF8621055FA5}.Release|Any CPU.ActiveCfg = Release|Any CPU
		{3F5B188C-A4D6-449C-9DCA-DF8621055FA5}.Release|Any CPU.Build.0 = Release|Any CPU
		{97E3BE32-3FED-4F1B-AEF1-C555A2F0EB59}.Debug|Any CPU.ActiveCfg = Debug|Any CPU
		{97E3BE32-3FED-4F1B-AEF1-C555A2F0EB59}.Debug|Any CPU.Build.0 = Debug|Any CPU
		{97E3BE32-3FED-4F1B-AEF1-C555A2F0EB59}.Release|Any CPU.ActiveCfg = Release|Any CPU
		{97E3BE32-3FED-4F1B-AEF1-C555A2F0EB59}.Release|Any CPU.Build.0 = Release|Any CPU
		{FE305196-2FC8-4765-8CA4-45FB1E2DCF03}.Debug|Any CPU.ActiveCfg = Debug|Any CPU
		{FE305196-2FC8-4765-8CA4-45FB1E2DCF03}.Debug|Any CPU.Build.0 = Debug|Any CPU
		{FE305196-2FC8-4765-8CA4-45FB1E2DCF03}.Release|Any CPU.ActiveCfg = Release|Any CPU
		{FE305196-2FC8-4765-8CA4-45FB1E2DCF03}.Release|Any CPU.Build.0 = Release|Any CPU
		{F964CE0B-DA6D-43C9-9BA8-ED15ED11C30B}.Debug|Any CPU.ActiveCfg = Debug|Any CPU
		{F964CE0B-DA6D-43C9-9BA8-ED15ED11C30B}.Debug|Any CPU.Build.0 = Debug|Any CPU
		{F964CE0B-DA6D-43C9-9BA8-ED15ED11C30B}.Release|Any CPU.ActiveCfg = Release|Any CPU
		{F964CE0B-DA6D-43C9-9BA8-ED15ED11C30B}.Release|Any CPU.Build.0 = Release|Any CPU
		{02D6A0F3-6C69-4390-B53D-E89DDAAFB212}.Debug|Any CPU.ActiveCfg = Debug|Any CPU
		{02D6A0F3-6C69-4390-B53D-E89DDAAFB212}.Debug|Any CPU.Build.0 = Debug|Any CPU
		{02D6A0F3-6C69-4390-B53D-E89DDAAFB212}.Release|Any CPU.ActiveCfg = Release|Any CPU
		{02D6A0F3-6C69-4390-B53D-E89DDAAFB212}.Release|Any CPU.Build.0 = Release|Any CPU
		{E4C66C56-1589-465D-A942-A56BAD139273}.Debug|Any CPU.ActiveCfg = Debug|Any CPU
		{E4C66C56-1589-465D-A942-A56BAD139273}.Debug|Any CPU.Build.0 = Debug|Any CPU
		{E4C66C56-1589-465D-A942-A56BAD139273}.Release|Any CPU.ActiveCfg = Release|Any CPU
		{E4C66C56-1589-465D-A942-A56BAD139273}.Release|Any CPU.Build.0 = Release|Any CPU
	EndGlobalSection
	GlobalSection(SolutionProperties) = preSolution
		HideSolutionNode = FALSE
	EndGlobalSection
	GlobalSection(ExtensibilityGlobals) = postSolution
		SolutionGuid = {A4C7E8A1-BA05-4D90-8D63-73E7DAD28936}
	EndGlobalSection
EndGlobal
